
Microsoft Visual Studio Solution File, Format Version 12.00
# Visual Studio Version 17
VisualStudioVersion = 17.8.34601.278
MinimumVisualStudioVersion = 10.0.40219.1
Project("{FAE04EC0-301F-11D3-BF4B-00C04F79EFBC}") = "Resin.KeyValue", "Resin.KeyValue\Resin.KeyValue.csproj", "{67588DBD-0F8B-48E5-A8E1-5095F77A9B41}"
EndProject
Project("{FAE04EC0-301F-11D3-BF4B-00C04F79EFBC}") = "Resin.KeyValue.Test", "Resin.KeyValue.Test\Resin.KeyValue.Test.csproj", "{A31A9E00-2499-4430-96CC-721FA7973D9B}"
EndProject
Project("{FAE04EC0-301F-11D3-BF4B-00C04F79EFBC}") = "Resin.TextAnalysis", "Resin.TextAnalysis\Resin.TextAnalysis.csproj", "{47D289B3-2AED-4799-A316-ACED72A783B6}"
EndProject
Project("{FAE04EC0-301F-11D3-BF4B-00C04F79EFBC}") = "Resin.DataSources", "Resin.DataSources\Resin.DataSources.csproj", "{CCB69E2A-D663-4D2B-BDA1-754495499AA2}"
EndProject
Project("{FAE04EC0-301F-11D3-BF4B-00C04F79EFBC}") = "Resin.TextAnalysis.Tests", "Resin.TextAnalysis.Tests\Resin.TextAnalysis.Tests.csproj", "{EBACC1ED-E27B-425D-BA6D-1C497753CD25}"
EndProject
Project("{FAE04EC0-301F-11D3-BF4B-00C04F79EFBC}") = "Resin.WikipediaCommandLine", "Resin.WikipediaCommandLine\Resin.WikipediaCommandLine.csproj", "{BADAF54B-8334-4253-BE77-2A7F208EFFD3}"
EndProject
Project("{FAE04EC0-301F-11D3-BF4B-00C04F79EFBC}") = "Resin.CommandLineTools", "Resin.CommandLine\Resin.CommandLineTools.csproj", "{A3F200FA-FE87-4FC8-BFCB-4CE3BACBADD0}"
EndProject
Project("{2150E333-8FDC-42A3-9474-1A3956D46DE8}") = "Tests", "Tests", "{86E534BF-D7A0-416F-9EBC-C291F5C8AE6C}"
EndProject
Project("{2150E333-8FDC-42A3-9474-1A3956D46DE8}") = "Solution Items", "Solution Items", "{8EC462FD-D22E-90A8-E5CE-7E832BA40C5D}"
	ProjectSection(SolutionItems) = preProject
		..\README.md = ..\README.md
	EndProjectSection
EndProject
Global
	GlobalSection(SolutionConfigurationPlatforms) = preSolution
		Debug|Any CPU = Debug|Any CPU
		Release|Any CPU = Release|Any CPU
	EndGlobalSection
	GlobalSection(ProjectConfigurationPlatforms) = postSolution
		{67588DBD-0F8B-48E5-A8E1-5095F77A9B41}.Debug|Any CPU.ActiveCfg = Debug|Any CPU
		{67588DBD-0F8B-48E5-A8E1-5095F77A9B41}.Debug|Any CPU.Build.0 = Debug|Any CPU
		{67588DBD-0F8B-48E5-A8E1-5095F77A9B41}.Release|Any CPU.ActiveCfg = Release|Any CPU
		{67588DBD-0F8B-48E5-A8E1-5095F77A9B41}.Release|Any CPU.Build.0 = Release|Any CPU
		{A31A9E00-2499-4430-96CC-721FA7973D9B}.Debug|Any CPU.ActiveCfg = Debug|Any CPU
		{A31A9E00-2499-4430-96CC-721FA7973D9B}.Debug|Any CPU.Build.0 = Debug|Any CPU
		{A31A9E00-2499-4430-96CC-721FA7973D9B}.Release|Any CPU.ActiveCfg = Release|Any CPU
		{A31A9E00-2499-4430-96CC-721FA7973D9B}.Release|Any CPU.Build.0 = Release|Any CPU
		{47D289B3-2AED-4799-A316-ACED72A783B6}.Debug|Any CPU.ActiveCfg = Debug|Any CPU
		{47D289B3-2AED-4799-A316-ACED72A783B6}.Debug|Any CPU.Build.0 = Debug|Any CPU
		{47D289B3-2AED-4799-A316-ACED72A783B6}.Release|Any CPU.ActiveCfg = Release|Any CPU
		{47D289B3-2AED-4799-A316-ACED72A783B6}.Release|Any CPU.Build.0 = Release|Any CPU
		{CCB69E2A-D663-4D2B-BDA1-754495499AA2}.Debug|Any CPU.ActiveCfg = Debug|Any CPU
		{CCB69E2A-D663-4D2B-BDA1-754495499AA2}.Debug|Any CPU.Build.0 = Debug|Any CPU
		{CCB69E2A-D663-4D2B-BDA1-754495499AA2}.Release|Any CPU.ActiveCfg = Release|Any CPU
		{CCB69E2A-D663-4D2B-BDA1-754495499AA2}.Release|Any CPU.Build.0 = Release|Any CPU
		{EBACC1ED-E27B-425D-BA6D-1C497753CD25}.Debug|Any CPU.ActiveCfg = Debug|Any CPU
		{EBACC1ED-E27B-425D-BA6D-1C497753CD25}.Debug|Any CPU.Build.0 = Debug|Any CPU
		{EBACC1ED-E27B-425D-BA6D-1C497753CD25}.Release|Any CPU.ActiveCfg = Release|Any CPU
		{EBACC1ED-E27B-425D-BA6D-1C497753CD25}.Release|Any CPU.Build.0 = Release|Any CPU
		{BADAF54B-8334-4253-BE77-2A7F208EFFD3}.Debug|Any CPU.ActiveCfg = Debug|Any CPU
		{BADAF54B-8334-4253-BE77-2A7F208EFFD3}.Debug|Any CPU.Build.0 = Debug|Any CPU
		{BADAF54B-8334-4253-BE77-2A7F208EFFD3}.Release|Any CPU.ActiveCfg = Release|Any CPU
		{BADAF54B-8334-4253-BE77-2A7F208EFFD3}.Release|Any CPU.Build.0 = Release|Any CPU
		{A3F200FA-FE87-4FC8-BFCB-4CE3BACBADD0}.Debug|Any CPU.ActiveCfg = Debug|Any CPU
		{A3F200FA-FE87-4FC8-BFCB-4CE3BACBADD0}.Debug|Any CPU.Build.0 = Debug|Any CPU
		{A3F200FA-FE87-4FC8-BFCB-4CE3BACBADD0}.Release|Any CPU.ActiveCfg = Release|Any CPU
		{A3F200FA-FE87-4FC8-BFCB-4CE3BACBADD0}.Release|Any CPU.Build.0 = Release|Any CPU
	EndGlobalSection
	GlobalSection(SolutionProperties) = preSolution
		HideSolutionNode = FALSE
	EndGlobalSection
	GlobalSection(NestedProjects) = preSolution
		{A31A9E00-2499-4430-96CC-721FA7973D9B} = {86E534BF-D7A0-416F-9EBC-C291F5C8AE6C}
		{EBACC1ED-E27B-425D-BA6D-1C497753CD25} = {86E534BF-D7A0-416F-9EBC-C291F5C8AE6C}
	EndGlobalSection
	GlobalSection(ExtensibilityGlobals) = postSolution
		SolutionGuid = {D4D9C9D0-5A9E-4040-8EE5-35FAD1EB57D2}
	EndGlobalSection
EndGlobal
